// !$*UTF8*$!
{
	archiveVersion = 1;
	classes = {
	};
	objectVersion = 77;
	objects = {

/* Begin PBXContainerItemProxy section */
		3F0750C02CEDA567009AEB39 /* PBXContainerItemProxy */ = {
			isa = PBXContainerItemProxy;
			containerPortal = 3F0750A72CEDA566009AEB39 /* Project object */;
			proxyType = 1;
			remoteGlobalIDString = 3F0750AE2CEDA566009AEB39;
			remoteInfo = "SkinSync-Home";
		};
		3F0750CA2CEDA567009AEB39 /* PBXContainerItemProxy */ = {
			isa = PBXContainerItemProxy;
			containerPortal = 3F0750A72CEDA566009AEB39 /* Project object */;
			proxyType = 1;
			remoteGlobalIDString = 3F0750AE2CEDA566009AEB39;
			remoteInfo = "SkinSync-Home";
		};
/* End PBXContainerItemProxy section */

/* Begin PBXFileReference section */
		3F0750AF2CEDA566009AEB39 /* SkinSync-Home.app */ = {isa = PBXFileReference; explicitFileType = wrapper.application; includeInIndex = 0; path = "SkinSync-Home.app"; sourceTree = BUILT_PRODUCTS_DIR; };
		3F0750BF2CEDA567009AEB39 /* SkinSync-HomeTests.xctest */ = {isa = PBXFileReference; explicitFileType = wrapper.cfbundle; includeInIndex = 0; path = "SkinSync-HomeTests.xctest"; sourceTree = BUILT_PRODUCTS_DIR; };
		3F0750C92CEDA567009AEB39 /* SkinSync-HomeUITests.xctest */ = {isa = PBXFileReference; explicitFileType = wrapper.cfbundle; includeInIndex = 0; path = "SkinSync-HomeUITests.xctest"; sourceTree = BUILT_PRODUCTS_DIR; };
/* End PBXFileReference section */

/* Begin PBXFileSystemSynchronizedRootGroup section */
		3F0750B12CEDA566009AEB39 /* SkinSync-Home */ = {
			isa = PBXFileSystemSynchronizedRootGroup;
			path = "SkinSync-Home";
			sourceTree = "<group>";
		};
		3F0750C22CEDA567009AEB39 /* SkinSync-HomeTests */ = {
			isa = PBXFileSystemSynchronizedRootGroup;
			path = "SkinSync-HomeTests";
			sourceTree = "<group>";
		};
		3F0750CC2CEDA567009AEB39 /* SkinSync-HomeUITests */ = {
			isa = PBXFileSystemSynchronizedRootGroup;
			path = "SkinSync-HomeUITests";
			sourceTree = "<group>";
		};
/* End PBXFileSystemSynchronizedRootGroup section */

/* Begin PBXFrameworksBuildPhase section */
		3F0750AC2CEDA566009AEB39 /* Frameworks */ = {
			isa = PBXFrameworksBuildPhase;
			buildActionMask = 2147483647;
			files = (
			);
			runOnlyForDeploymentPostprocessing = 0;
		};
		3F0750BC2CEDA567009AEB39 /* Frameworks */ = {
			isa = PBXFrameworksBuildPhase;
			buildActionMask = 2147483647;
			files = (
			);
			runOnlyForDeploymentPostprocessing = 0;
		};
		3F0750C62CEDA567009AEB39 /* Frameworks */ = {
			isa = PBXFrameworksBuildPhase;
			buildActionMask = 2147483647;
			files = (
			);
			runOnlyForDeploymentPostprocessing = 0;
		};
/* End PBXFrameworksBuildPhase section */

/* Begin PBXGroup section */
		3F0750A62CEDA566009AEB39 = {
			isa = PBXGroup;
			children = (
				3F0750B12CEDA566009AEB39 /* SkinSync-Home */,
				3F0750C22CEDA567009AEB39 /* SkinSync-HomeTests */,
				3F0750CC2CEDA567009AEB39 /* SkinSync-HomeUITests */,
				3F0750B02CEDA566009AEB39 /* Products */,
			);
			sourceTree = "<group>";
		};
		3F0750B02CEDA566009AEB39 /* Products */ = {
			isa = PBXGroup;
			children = (
				3F0750AF2CEDA566009AEB39 /* SkinSync-Home.app */,
				3F0750BF2CEDA567009AEB39 /* SkinSync-HomeTests.xctest */,
				3F0750C92CEDA567009AEB39 /* SkinSync-HomeUITests.xctest */,
			);
			name = Products;
			sourceTree = "<group>";
		};
/* End PBXGroup section */

/* Begin PBXNativeTarget section */
		3F0750AE2CEDA566009AEB39 /* SkinSync-Home */ = {
			isa = PBXNativeTarget;
			buildConfigurationList = 3F0750D32CEDA567009AEB39 /* Build configuration list for PBXNativeTarget "SkinSync-Home" */;
			buildPhases = (
				3F0750AB2CEDA566009AEB39 /* Sources */,
				3F0750AC2CEDA566009AEB39 /* Frameworks */,
				3F0750AD2CEDA566009AEB39 /* Resources */,
			);
			buildRules = (
			);
			dependencies = (
			);
			fileSystemSynchronizedGroups = (
				3F0750B12CEDA566009AEB39 /* SkinSync-Home */,
			);
			name = "SkinSync-Home";
			packageProductDependencies = (
			);
			productName = "SkinSync-Home";
			productReference = 3F0750AF2CEDA566009AEB39 /* SkinSync-Home.app */;
			productType = "com.apple.product-type.application";
		};
		3F0750BE2CEDA567009AEB39 /* SkinSync-HomeTests */ = {
			isa = PBXNativeTarget;
			buildConfigurationList = 3F0750D62CEDA567009AEB39 /* Build configuration list for PBXNativeTarget "SkinSync-HomeTests" */;
			buildPhases = (
				3F0750BB2CEDA567009AEB39 /* Sources */,
				3F0750BC2CEDA567009AEB39 /* Frameworks */,
				3F0750BD2CEDA567009AEB39 /* Resources */,
			);
			buildRules = (
			);
			dependencies = (
				3F0750C12CEDA567009AEB39 /* PBXTargetDependency */,
			);
			fileSystemSynchronizedGroups = (
				3F0750C22CEDA567009AEB39 /* SkinSync-HomeTests */,
			);
			name = "SkinSync-HomeTests";
			packageProductDependencies = (
			);
			productName = "SkinSync-HomeTests";
			productReference = 3F0750BF2CEDA567009AEB39 /* SkinSync-HomeTests.xctest */;
			productType = "com.apple.product-type.bundle.unit-test";
		};
		3F0750C82CEDA567009AEB39 /* SkinSync-HomeUITests */ = {
			isa = PBXNativeTarget;
			buildConfigurationList = 3F0750D92CEDA567009AEB39 /* Build configuration list for PBXNativeTarget "SkinSync-HomeUITests" */;
			buildPhases = (
				3F0750C52CEDA567009AEB39 /* Sources */,
				3F0750C62CEDA567009AEB39 /* Frameworks */,
				3F0750C72CEDA567009AEB39 /* Resources */,
			);
			buildRules = (
			);
			dependencies = (
				3F0750CB2CEDA567009AEB39 /* PBXTargetDependency */,
			);
			fileSystemSynchronizedGroups = (
				3F0750CC2CEDA567009AEB39 /* SkinSync-HomeUITests */,
			);
			name = "SkinSync-HomeUITests";
			packageProductDependencies = (
			);
			productName = "SkinSync-HomeUITests";
			productReference = 3F0750C92CEDA567009AEB39 /* SkinSync-HomeUITests.xctest */;
			productType = "com.apple.product-type.bundle.ui-testing";
		};
/* End PBXNativeTarget section */

/* Begin PBXProject section */
		3F0750A72CEDA566009AEB39 /* Project object */ = {
			isa = PBXProject;
			attributes = {
				BuildIndependentTargetsInParallel = 1;
				LastSwiftUpdateCheck = 1610;
				LastUpgradeCheck = 1610;
				TargetAttributes = {
					3F0750AE2CEDA566009AEB39 = {
						CreatedOnToolsVersion = 16.1;
					};
					3F0750BE2CEDA567009AEB39 = {
						CreatedOnToolsVersion = 16.1;
						TestTargetID = 3F0750AE2CEDA566009AEB39;
					};
					3F0750C82CEDA567009AEB39 = {
						CreatedOnToolsVersion = 16.1;
						TestTargetID = 3F0750AE2CEDA566009AEB39;
					};
				};
			};
			buildConfigurationList = 3F0750AA2CEDA566009AEB39 /* Build configuration list for PBXProject "SkinSync-Home" */;
			developmentRegion = en;
			hasScannedForEncodings = 0;
			knownRegions = (
				en,
				Base,
			);
			mainGroup = 3F0750A62CEDA566009AEB39;
			minimizedProjectReferenceProxies = 1;
			preferredProjectObjectVersion = 77;
			productRefGroup = 3F0750B02CEDA566009AEB39 /* Products */;
			projectDirPath = "";
			projectRoot = "";
			targets = (
				3F0750AE2CEDA566009AEB39 /* SkinSync-Home */,
				3F0750BE2CEDA567009AEB39 /* SkinSync-HomeTests */,
				3F0750C82CEDA567009AEB39 /* SkinSync-HomeUITests */,
			);
		};
/* End PBXProject section */

/* Begin PBXResourcesBuildPhase section */
		3F0750AD2CEDA566009AEB39 /* Resources */ = {
			isa = PBXResourcesBuildPhase;
			buildActionMask = 2147483647;
			files = (
			);
			runOnlyForDeploymentPostprocessing = 0;
		};
		3F0750BD2CEDA567009AEB39 /* Resources */ = {
			isa = PBXResourcesBuildPhase;
			buildActionMask = 2147483647;
			files = (
			);
			runOnlyForDeploymentPostprocessing = 0;
		};
		3F0750C72CEDA567009AEB39 /* Resources */ = {
			isa = PBXResourcesBuildPhase;
			buildActionMask = 2147483647;
			files = (
			);
			runOnlyForDeploymentPostprocessing = 0;
		};
/* End PBXResourcesBuildPhase section */

/* Begin PBXSourcesBuildPhase section */
		3F0750AB2CEDA566009AEB39 /* Sources */ = {
			isa = PBXSourcesBuildPhase;
			buildActionMask = 2147483647;
			files = (
			);
			runOnlyForDeploymentPostprocessing = 0;
		};
		3F0750BB2CEDA567009AEB39 /* Sources */ = {
			isa = PBXSourcesBuildPhase;
			buildActionMask = 2147483647;
			files = (
			);
			runOnlyForDeploymentPostprocessing = 0;
		};
		3F0750C52CEDA567009AEB39 /* Sources */ = {
			isa = PBXSourcesBuildPhase;
			buildActionMask = 2147483647;
			files = (
			);
			runOnlyForDeploymentPostprocessing = 0;
		};
/* End PBXSourcesBuildPhase section */

/* Begin PBXTargetDependency section */
		3F0750C12CEDA567009AEB39 /* PBXTargetDependency */ = {
			isa = PBXTargetDependency;
			target = 3F0750AE2CEDA566009AEB39 /* SkinSync-Home */;
			targetProxy = 3F0750C02CEDA567009AEB39 /* PBXContainerItemProxy */;
		};
		3F0750CB2CEDA567009AEB39 /* PBXTargetDependency */ = {
			isa = PBXTargetDependency;
			target = 3F0750AE2CEDA566009AEB39 /* SkinSync-Home */;
			targetProxy = 3F0750CA2CEDA567009AEB39 /* PBXContainerItemProxy */;
		};
/* End PBXTargetDependency section */

/* Begin XCBuildConfiguration section */
		3F0750D12CEDA567009AEB39 /* Debug */ = {
			isa = XCBuildConfiguration;
			buildSettings = {
				ALWAYS_SEARCH_USER_PATHS = NO;
				ASSETCATALOG_COMPILER_GENERATE_SWIFT_ASSET_SYMBOL_EXTENSIONS = YES;
				CLANG_ANALYZER_NONNULL = YES;
				CLANG_ANALYZER_NUMBER_OBJECT_CONVERSION = YES_AGGRESSIVE;
				CLANG_CXX_LANGUAGE_STANDARD = "gnu++20";
				CLANG_ENABLE_MODULES = YES;
				CLANG_ENABLE_OBJC_ARC = YES;
				CLANG_ENABLE_OBJC_WEAK = YES;
				CLANG_WARN_BLOCK_CAPTURE_AUTORELEASING = YES;
				CLANG_WARN_BOOL_CONVERSION = YES;
				CLANG_WARN_COMMA = YES;
				CLANG_WARN_CONSTANT_CONVERSION = YES;
				CLANG_WARN_DEPRECATED_OBJC_IMPLEMENTATIONS = YES;
				CLANG_WARN_DIRECT_OBJC_ISA_USAGE = YES_ERROR;
				CLANG_WARN_DOCUMENTATION_COMMENTS = YES;
				CLANG_WARN_EMPTY_BODY = YES;
				CLANG_WARN_ENUM_CONVERSION = YES;
				CLANG_WARN_INFINITE_RECURSION = YES;
				CLANG_WARN_INT_CONVERSION = YES;
				CLANG_WARN_NON_LITERAL_NULL_CONVERSION = YES;
				CLANG_WARN_OBJC_IMPLICIT_RETAIN_SELF = YES;
				CLANG_WARN_OBJC_LITERAL_CONVERSION = YES;
				CLANG_WARN_OBJC_ROOT_CLASS = YES_ERROR;
				CLANG_WARN_QUOTED_INCLUDE_IN_FRAMEWORK_HEADER = YES;
				CLANG_WARN_RANGE_LOOP_ANALYSIS = YES;
				CLANG_WARN_STRICT_PROTOTYPES = YES;
				CLANG_WARN_SUSPICIOUS_MOVE = YES;
				CLANG_WARN_UNGUARDED_AVAILABILITY = YES_AGGRESSIVE;
				CLANG_WARN_UNREACHABLE_CODE = YES;
				CLANG_WARN__DUPLICATE_METHOD_MATCH = YES;
				COPY_PHASE_STRIP = NO;
				DEBUG_INFORMATION_FORMAT = dwarf;
				ENABLE_STRICT_OBJC_MSGSEND = YES;
				ENABLE_TESTABILITY = YES;
				ENABLE_USER_SCRIPT_SANDBOXING = YES;
				GCC_C_LANGUAGE_STANDARD = gnu17;
				GCC_DYNAMIC_NO_PIC = NO;
				GCC_NO_COMMON_BLOCKS = YES;
				GCC_OPTIMIZATION_LEVEL = 0;
				GCC_PREPROCESSOR_DEFINITIONS = (
					"DEBUG=1",
					"$(inherited)",
				);
				GCC_WARN_64_TO_32_BIT_CONVERSION = YES;
				GCC_WARN_ABOUT_RETURN_TYPE = YES_ERROR;
				GCC_WARN_UNDECLARED_SELECTOR = YES;
				GCC_WARN_UNINITIALIZED_AUTOS = YES_AGGRESSIVE;
				GCC_WARN_UNUSED_FUNCTION = YES;
				GCC_WARN_UNUSED_VARIABLE = YES;
				IPHONEOS_DEPLOYMENT_TARGET = 18.1;
				LOCALIZATION_PREFERS_STRING_CATALOGS = YES;
				MTL_ENABLE_DEBUG_INFO = INCLUDE_SOURCE;
				MTL_FAST_MATH = YES;
				ONLY_ACTIVE_ARCH = YES;
				SDKROOT = iphoneos;
				SWIFT_ACTIVE_COMPILATION_CONDITIONS = "DEBUG $(inherited)";
				SWIFT_OPTIMIZATION_LEVEL = "-Onone";
			};
			name = Debug;
		};
		3F0750D22CEDA567009AEB39 /* Release */ = {
			isa = XCBuildConfiguration;
			buildSettings = {
				ALWAYS_SEARCH_USER_PATHS = NO;
				ASSETCATALOG_COMPILER_GENERATE_SWIFT_ASSET_SYMBOL_EXTENSIONS = YES;
				CLANG_ANALYZER_NONNULL = YES;
				CLANG_ANALYZER_NUMBER_OBJECT_CONVERSION = YES_AGGRESSIVE;
				CLANG_CXX_LANGUAGE_STANDARD = "gnu++20";
				CLANG_ENABLE_MODULES = YES;
				CLANG_ENABLE_OBJC_ARC = YES;
				CLANG_ENABLE_OBJC_WEAK = YES;
				CLANG_WARN_BLOCK_CAPTURE_AUTORELEASING = YES;
				CLANG_WARN_BOOL_CONVERSION = YES;
				CLANG_WARN_COMMA = YES;
				CLANG_WARN_CONSTANT_CONVERSION = YES;
				CLANG_WARN_DEPRECATED_OBJC_IMPLEMENTATIONS = YES;
				CLANG_WARN_DIRECT_OBJC_ISA_USAGE = YES_ERROR;
				CLANG_WARN_DOCUMENTATION_COMMENTS = YES;
				CLANG_WARN_EMPTY_BODY = YES;
				CLANG_WARN_ENUM_CONVERSION = YES;
				CLANG_WARN_INFINITE_RECURSION = YES;
				CLANG_WARN_INT_CONVERSION = YES;
				CLANG_WARN_NON_LITERAL_NULL_CONVERSION = YES;
				CLANG_WARN_OBJC_IMPLICIT_RETAIN_SELF = YES;
				CLANG_WARN_OBJC_LITERAL_CONVERSION = YES;
				CLANG_WARN_OBJC_ROOT_CLASS = YES_ERROR;
				CLANG_WARN_QUOTED_INCLUDE_IN_FRAMEWORK_HEADER = YES;
				CLANG_WARN_RANGE_LOOP_ANALYSIS = YES;
				CLANG_WARN_STRICT_PROTOTYPES = YES;
				CLANG_WARN_SUSPICIOUS_MOVE = YES;
				CLANG_WARN_UNGUARDED_AVAILABILITY = YES_AGGRESSIVE;
				CLANG_WARN_UNREACHABLE_CODE = YES;
				CLANG_WARN__DUPLICATE_METHOD_MATCH = YES;
				COPY_PHASE_STRIP = NO;
				DEBUG_INFORMATION_FORMAT = "dwarf-with-dsym";
				ENABLE_NS_ASSERTIONS = NO;
				ENABLE_STRICT_OBJC_MSGSEND = YES;
				ENABLE_USER_SCRIPT_SANDBOXING = YES;
				GCC_C_LANGUAGE_STANDARD = gnu17;
				GCC_NO_COMMON_BLOCKS = YES;
				GCC_WARN_64_TO_32_BIT_CONVERSION = YES;
				GCC_WARN_ABOUT_RETURN_TYPE = YES_ERROR;
				GCC_WARN_UNDECLARED_SELECTOR = YES;
				GCC_WARN_UNINITIALIZED_AUTOS = YES_AGGRESSIVE;
				GCC_WARN_UNUSED_FUNCTION = YES;
				GCC_WARN_UNUSED_VARIABLE = YES;
				IPHONEOS_DEPLOYMENT_TARGET = 18.1;
				LOCALIZATION_PREFERS_STRING_CATALOGS = YES;
				MTL_ENABLE_DEBUG_INFO = NO;
				MTL_FAST_MATH = YES;
				SDKROOT = iphoneos;
				SWIFT_COMPILATION_MODE = wholemodule;
				VALIDATE_PRODUCT = YES;
			};
			name = Release;
		};
		3F0750D42CEDA567009AEB39 /* Debug */ = {
			isa = XCBuildConfiguration;
			buildSettings = {
				ASSETCATALOG_COMPILER_APPICON_NAME = AppIcon;
				ASSETCATALOG_COMPILER_GLOBAL_ACCENT_COLOR_NAME = AccentColor;
				CODE_SIGN_STYLE = Automatic;
				CURRENT_PROJECT_VERSION = 1;
				DEVELOPMENT_ASSET_PATHS = "\"SkinSync-Home/Preview Content\"";
				DEVELOPMENT_TEAM = 2NTM938PL5;
				ENABLE_PREVIEWS = YES;
				GENERATE_INFOPLIST_FILE = YES;
				INFOPLIST_KEY_NSCameraUsageDescription = "This app needs your permissions";
				INFOPLIST_KEY_UIApplicationSceneManifest_Generation = YES;
				INFOPLIST_KEY_UIApplicationSupportsIndirectInputEvents = YES;
				INFOPLIST_KEY_UILaunchScreen_Generation = YES;
				INFOPLIST_KEY_UISupportedInterfaceOrientations_iPad = "UIInterfaceOrientationPortrait UIInterfaceOrientationPortraitUpsideDown UIInterfaceOrientationLandscapeLeft UIInterfaceOrientationLandscapeRight";
				INFOPLIST_KEY_UISupportedInterfaceOrientations_iPhone = "UIInterfaceOrientationPortrait UIInterfaceOrientationLandscapeLeft UIInterfaceOrientationLandscapeRight";
				IPHONEOS_DEPLOYMENT_TARGET = 18.2;
				LD_RUNPATH_SEARCH_PATHS = (
					"$(inherited)",
					"@executable_path/Frameworks",
				);
				MARKETING_VERSION = 1.0;
				PRODUCT_BUNDLE_IDENTIFIER = "UC---ISB.SkinSync-Home";
				PRODUCT_NAME = "$(TARGET_NAME)";
				SWIFT_EMIT_LOC_STRINGS = YES;
				SWIFT_VERSION = 5.0;
				TARGETED_DEVICE_FAMILY = "1,2";
			};
			name = Debug;
		};
		3F0750D52CEDA567009AEB39 /* Release */ = {
			isa = XCBuildConfiguration;
			buildSettings = {
				ASSETCATALOG_COMPILER_APPICON_NAME = AppIcon;
				ASSETCATALOG_COMPILER_GLOBAL_ACCENT_COLOR_NAME = AccentColor;
				CODE_SIGN_STYLE = Automatic;
				CURRENT_PROJECT_VERSION = 1;
				DEVELOPMENT_ASSET_PATHS = "\"SkinSync-Home/Preview Content\"";
				DEVELOPMENT_TEAM = 2NTM938PL5;
				ENABLE_PREVIEWS = YES;
				GENERATE_INFOPLIST_FILE = YES;
				INFOPLIST_KEY_NSCameraUsageDescription = "This app needs your permissions";
				INFOPLIST_KEY_UIApplicationSceneManifest_Generation = YES;
				INFOPLIST_KEY_UIApplicationSupportsIndirectInputEvents = YES;
				INFOPLIST_KEY_UILaunchScreen_Generation = YES;
				INFOPLIST_KEY_UISupportedInterfaceOrientations_iPad = "UIInterfaceOrientationPortrait UIInterfaceOrientationPortraitUpsideDown UIInterfaceOrientationLandscapeLeft UIInterfaceOrientationLandscapeRight";
				INFOPLIST_KEY_UISupportedInterfaceOrientations_iPhone = "UIInterfaceOrientationPortrait UIInterfaceOrientationLandscapeLeft UIInterfaceOrientationLandscapeRight";
				IPHONEOS_DEPLOYMENT_TARGET = 18.2;
				LD_RUNPATH_SEARCH_PATHS = (
					"$(inherited)",
					"@executable_path/Frameworks",
				);
				MARKETING_VERSION = 1.0;
				PRODUCT_BUNDLE_IDENTIFIER = "UC---ISB.SkinSync-Home";
				PRODUCT_NAME = "$(TARGET_NAME)";
				SWIFT_EMIT_LOC_STRINGS = YES;
				SWIFT_VERSION = 5.0;
				TARGETED_DEVICE_FAMILY = "1,2";
			};
			name = Release;
		};
		3F0750D72CEDA567009AEB39 /* Debug */ = {
			isa = XCBuildConfiguration;
			buildSettings = {
				BUNDLE_LOADER = "$(TEST_HOST)";
				CODE_SIGN_STYLE = Automatic;
				CURRENT_PROJECT_VERSION = 1;
				GENERATE_INFOPLIST_FILE = YES;
				IPHONEOS_DEPLOYMENT_TARGET = 18.1;
				MARKETING_VERSION = 1.0;
				PRODUCT_BUNDLE_IDENTIFIER = "UC---ISB.SkinSync-HomeTests";
				PRODUCT_NAME = "$(TARGET_NAME)";
				SWIFT_EMIT_LOC_STRINGS = NO;
				SWIFT_VERSION = 5.0;
				TARGETED_DEVICE_FAMILY = "1,2";
				TEST_HOST = "$(BUILT_PRODUCTS_DIR)/SkinSync-Home.app/$(BUNDLE_EXECUTABLE_FOLDER_PATH)/SkinSync-Home";
			};
			name = Debug;
		};
		3F0750D82CEDA567009AEB39 /* Release */ = {
			isa = XCBuildConfiguration;
			buildSettings = {
				BUNDLE_LOADER = "$(TEST_HOST)";
				CODE_SIGN_STYLE = Automatic;
				CURRENT_PROJECT_VERSION = 1;
				GENERATE_INFOPLIST_FILE = YES;
				IPHONEOS_DEPLOYMENT_TARGET = 18.1;
				MARKETING_VERSION = 1.0;
				PRODUCT_BUNDLE_IDENTIFIER = "UC---ISB.SkinSync-HomeTests";
				PRODUCT_NAME = "$(TARGET_NAME)";
				SWIFT_EMIT_LOC_STRINGS = NO;
				SWIFT_VERSION = 5.0;
				TARGETED_DEVICE_FAMILY = "1,2";
				TEST_HOST = "$(BUILT_PRODUCTS_DIR)/SkinSync-Home.app/$(BUNDLE_EXECUTABLE_FOLDER_PATH)/SkinSync-Home";
			};
			name = Release;
		};
		3F0750DA2CEDA567009AEB39 /* Debug */ = {
			isa = XCBuildConfiguration;
			buildSettings = {
				CODE_SIGN_STYLE = Automatic;
				CURRENT_PROJECT_VERSION = 1;
				GENERATE_INFOPLIST_FILE = YES;
				MARKETING_VERSION = 1.0;
				PRODUCT_BUNDLE_IDENTIFIER = "UC---ISB.SkinSync-HomeUITests";
				PRODUCT_NAME = "$(TARGET_NAME)";
				SWIFT_EMIT_LOC_STRINGS = NO;
				SWIFT_VERSION = 5.0;
				TARGETED_DEVICE_FAMILY = "1,2";
				TEST_TARGET_NAME = "SkinSync-Home";
			};
			name = Debug;
		};
		3F0750DB2CEDA567009AEB39 /* Release */ = {
			isa = XCBuildConfiguration;
			buildSettings = {
				CODE_SIGN_STYLE = Automatic;
				CURRENT_PROJECT_VERSION = 1;
				GENERATE_INFOPLIST_FILE = YES;
				MARKETING_VERSION = 1.0;
				PRODUCT_BUNDLE_IDENTIFIER = "UC---ISB.SkinSync-HomeUITests";
				PRODUCT_NAME = "$(TARGET_NAME)";
				SWIFT_EMIT_LOC_STRINGS = NO;
				SWIFT_VERSION = 5.0;
				TARGETED_DEVICE_FAMILY = "1,2";
				TEST_TARGET_NAME = "SkinSync-Home";
			};
			name = Release;
		};
/* End XCBuildConfiguration section */

/* Begin XCConfigurationList section */
		3F0750AA2CEDA566009AEB39 /* Build configuration list for PBXProject "SkinSync-Home" */ = {
			isa = XCConfigurationList;
			buildConfigurations = (
				3F0750D12CEDA567009AEB39 /* Debug */,
				3F0750D22CEDA567009AEB39 /* Release */,
			);
			defaultConfigurationIsVisible = 0;
			defaultConfigurationName = Release;
		};
		3F0750D32CEDA567009AEB39 /* Build configuration list for PBXNativeTarget "SkinSync-Home" */ = {
			isa = XCConfigurationList;
			buildConfigurations = (
				3F0750D42CEDA567009AEB39 /* Debug */,
				3F0750D52CEDA567009AEB39 /* Release */,
			);
			defaultConfigurationIsVisible = 0;
			defaultConfigurationName = Release;
		};
		3F0750D62CEDA567009AEB39 /* Build configuration list for PBXNativeTarget "SkinSync-HomeTests" */ = {
			isa = XCConfigurationList;
			buildConfigurations = (
				3F0750D72CEDA567009AEB39 /* Debug */,
				3F0750D82CEDA567009AEB39 /* Release */,
			);
			defaultConfigurationIsVisible = 0;
			defaultConfigurationName = Release;
		};
		3F0750D92CEDA567009AEB39 /* Build configuration list for PBXNativeTarget "SkinSync-HomeUITests" */ = {
			isa = XCConfigurationList;
			buildConfigurations = (
				3F0750DA2CEDA567009AEB39 /* Debug */,
				3F0750DB2CEDA567009AEB39 /* Release */,
			);
			defaultConfigurationIsVisible = 0;
			defaultConfigurationName = Release;
		};
/* End XCConfigurationList section */
	};
	rootObject = 3F0750A72CEDA566009AEB39 /* Project object */;
}
